// !$*UTF8*$!
{
	archiveVersion = 1;
	classes = {
	};
	objectVersion = 55;
	objects = {

/* Begin PBXBuildFile section */
		A36BA7032811A51700E86B46 /* ESPAmbientApp.swift in Sources */ = {isa = PBXBuildFile; fileRef = A36BA7022811A51700E86B46 /* ESPAmbientApp.swift */; };
		A36BA7052811A51700E86B46 /* ContentView.swift in Sources */ = {isa = PBXBuildFile; fileRef = A36BA7042811A51700E86B46 /* ContentView.swift */; };
		A36BA7072811A51800E86B46 /* Assets.xcassets in Resources */ = {isa = PBXBuildFile; fileRef = A36BA7062811A51800E86B46 /* Assets.xcassets */; };
		A36BA70A2811A51800E86B46 /* Preview Assets.xcassets in Resources */ = {isa = PBXBuildFile; fileRef = A36BA7092811A51800E86B46 /* Preview Assets.xcassets */; };
		A36BA7142811A51900E86B46 /* ESPAmbientTests.swift in Sources */ = {isa = PBXBuildFile; fileRef = A36BA7132811A51900E86B46 /* ESPAmbientTests.swift */; };
		A36BA71E2811A51900E86B46 /* ESPAmbientUITests.swift in Sources */ = {isa = PBXBuildFile; fileRef = A36BA71D2811A51900E86B46 /* ESPAmbientUITests.swift */; };
		A36BA7202811A51900E86B46 /* ESPAmbientUITestsLaunchTests.swift in Sources */ = {isa = PBXBuildFile; fileRef = A36BA71F2811A51900E86B46 /* ESPAmbientUITestsLaunchTests.swift */; };
/* End PBXBuildFile section */

/* Begin PBXContainerItemProxy section */
		A36BA7102811A51900E86B46 /* PBXContainerItemProxy */ = {
			isa = PBXContainerItemProxy;
			containerPortal = A36BA6F72811A51700E86B46 /* Project object */;
			proxyType = 1;
			remoteGlobalIDString = A36BA6FE2811A51700E86B46;
			remoteInfo = ESPAmbient;
		};
		A36BA71A2811A51900E86B46 /* PBXContainerItemProxy */ = {
			isa = PBXContainerItemProxy;
			containerPortal = A36BA6F72811A51700E86B46 /* Project object */;
			proxyType = 1;
			remoteGlobalIDString = A36BA6FE2811A51700E86B46;
			remoteInfo = ESPAmbient;
		};
/* End PBXContainerItemProxy section */

/* Begin PBXFileReference section */
		A36BA6FF2811A51700E86B46 /* ESPAmbient.app */ = {isa = PBXFileReference; explicitFileType = wrapper.application; includeInIndex = 0; path = ESPAmbient.app; sourceTree = BUILT_PRODUCTS_DIR; };
		A36BA7022811A51700E86B46 /* ESPAmbientApp.swift */ = {isa = PBXFileReference; lastKnownFileType = sourcecode.swift; path = ESPAmbientApp.swift; sourceTree = "<group>"; };
		A36BA7042811A51700E86B46 /* ContentView.swift */ = {isa = PBXFileReference; lastKnownFileType = sourcecode.swift; path = ContentView.swift; sourceTree = "<group>"; };
		A36BA7062811A51800E86B46 /* Assets.xcassets */ = {isa = PBXFileReference; lastKnownFileType = folder.assetcatalog; path = Assets.xcassets; sourceTree = "<group>"; };
		A36BA7092811A51800E86B46 /* Preview Assets.xcassets */ = {isa = PBXFileReference; lastKnownFileType = folder.assetcatalog; path = "Preview Assets.xcassets"; sourceTree = "<group>"; };
		A36BA70F2811A51900E86B46 /* ESPAmbientTests.xctest */ = {isa = PBXFileReference; explicitFileType = wrapper.cfbundle; includeInIndex = 0; path = ESPAmbientTests.xctest; sourceTree = BUILT_PRODUCTS_DIR; };
		A36BA7132811A51900E86B46 /* ESPAmbientTests.swift */ = {isa = PBXFileReference; lastKnownFileType = sourcecode.swift; path = ESPAmbientTests.swift; sourceTree = "<group>"; };
		A36BA7192811A51900E86B46 /* ESPAmbientUITests.xctest */ = {isa = PBXFileReference; explicitFileType = wrapper.cfbundle; includeInIndex = 0; path = ESPAmbientUITests.xctest; sourceTree = BUILT_PRODUCTS_DIR; };
		A36BA71D2811A51900E86B46 /* ESPAmbientUITests.swift */ = {isa = PBXFileReference; lastKnownFileType = sourcecode.swift; path = ESPAmbientUITests.swift; sourceTree = "<group>"; };
		A36BA71F2811A51900E86B46 /* ESPAmbientUITestsLaunchTests.swift */ = {isa = PBXFileReference; lastKnownFileType = sourcecode.swift; path = ESPAmbientUITestsLaunchTests.swift; sourceTree = "<group>"; };
/* End PBXFileReference section */

/* Begin PBXFrameworksBuildPhase section */
		A36BA6FC2811A51700E86B46 /* Frameworks */ = {
			isa = PBXFrameworksBuildPhase;
			buildActionMask = 2147483647;
			files = (
			);
			runOnlyForDeploymentPostprocessing = 0;
		};
		A36BA70C2811A51900E86B46 /* Frameworks */ = {
			isa = PBXFrameworksBuildPhase;
			buildActionMask = 2147483647;
			files = (
			);
			runOnlyForDeploymentPostprocessing = 0;
		};
		A36BA7162811A51900E86B46 /* Frameworks */ = {
			isa = PBXFrameworksBuildPhase;
			buildActionMask = 2147483647;
			files = (
			);
			runOnlyForDeploymentPostprocessing = 0;
		};
/* End PBXFrameworksBuildPhase section */

/* Begin PBXGroup section */
		A36BA6F62811A51700E86B46 = {
			isa = PBXGroup;
			children = (
				A36BA7012811A51700E86B46 /* ESPAmbient */,
				A36BA7122811A51900E86B46 /* ESPAmbientTests */,
				A36BA71C2811A51900E86B46 /* ESPAmbientUITests */,
				A36BA7002811A51700E86B46 /* Products */,
			);
			sourceTree = "<group>";
		};
		A36BA7002811A51700E86B46 /* Products */ = {
			isa = PBXGroup;
			children = (
				A36BA6FF2811A51700E86B46 /* ESPAmbient.app */,
				A36BA70F2811A51900E86B46 /* ESPAmbientTests.xctest */,
				A36BA7192811A51900E86B46 /* ESPAmbientUITests.xctest */,
			);
			name = Products;
			sourceTree = "<group>";
		};
		A36BA7012811A51700E86B46 /* ESPAmbient */ = {
			isa = PBXGroup;
			children = (
				A36BA7022811A51700E86B46 /* ESPAmbientApp.swift */,
				A36BA7042811A51700E86B46 /* ContentView.swift */,
				A36BA7062811A51800E86B46 /* Assets.xcassets */,
				A36BA7082811A51800E86B46 /* Preview Content */,
			);
			path = ESPAmbient;
			sourceTree = "<group>";
		};
		A36BA7082811A51800E86B46 /* Preview Content */ = {
			isa = PBXGroup;
			children = (
				A36BA7092811A51800E86B46 /* Preview Assets.xcassets */,
			);
			path = "Preview Content";
			sourceTree = "<group>";
		};
		A36BA7122811A51900E86B46 /* ESPAmbientTests */ = {
			isa = PBXGroup;
			children = (
				A36BA7132811A51900E86B46 /* ESPAmbientTests.swift */,
			);
			path = ESPAmbientTests;
			sourceTree = "<group>";
		};
		A36BA71C2811A51900E86B46 /* ESPAmbientUITests */ = {
			isa = PBXGroup;
			children = (
				A36BA71D2811A51900E86B46 /* ESPAmbientUITests.swift */,
				A36BA71F2811A51900E86B46 /* ESPAmbientUITestsLaunchTests.swift */,
			);
			path = ESPAmbientUITests;
			sourceTree = "<group>";
		};
/* End PBXGroup section */

/* Begin PBXNativeTarget section */
		A36BA6FE2811A51700E86B46 /* ESPAmbient */ = {
			isa = PBXNativeTarget;
			buildConfigurationList = A36BA7232811A51900E86B46 /* Build configuration list for PBXNativeTarget "ESPAmbient" */;
			buildPhases = (
				A36BA6FB2811A51700E86B46 /* Sources */,
				A36BA6FC2811A51700E86B46 /* Frameworks */,
				A36BA6FD2811A51700E86B46 /* Resources */,
			);
			buildRules = (
			);
			dependencies = (
			);
			name = ESPAmbient;
			productName = ESPAmbient;
			productReference = A36BA6FF2811A51700E86B46 /* ESPAmbient.app */;
			productType = "com.apple.product-type.application";
		};
		A36BA70E2811A51900E86B46 /* ESPAmbientTests */ = {
			isa = PBXNativeTarget;
			buildConfigurationList = A36BA7262811A51900E86B46 /* Build configuration list for PBXNativeTarget "ESPAmbientTests" */;
			buildPhases = (
				A36BA70B2811A51900E86B46 /* Sources */,
				A36BA70C2811A51900E86B46 /* Frameworks */,
				A36BA70D2811A51900E86B46 /* Resources */,
			);
			buildRules = (
			);
			dependencies = (
				A36BA7112811A51900E86B46 /* PBXTargetDependency */,
			);
			name = ESPAmbientTests;
			productName = ESPAmbientTests;
			productReference = A36BA70F2811A51900E86B46 /* ESPAmbientTests.xctest */;
			productType = "com.apple.product-type.bundle.unit-test";
		};
		A36BA7182811A51900E86B46 /* ESPAmbientUITests */ = {
			isa = PBXNativeTarget;
			buildConfigurationList = A36BA7292811A51900E86B46 /* Build configuration list for PBXNativeTarget "ESPAmbientUITests" */;
			buildPhases = (
				A36BA7152811A51900E86B46 /* Sources */,
				A36BA7162811A51900E86B46 /* Frameworks */,
				A36BA7172811A51900E86B46 /* Resources */,
			);
			buildRules = (
			);
			dependencies = (
				A36BA71B2811A51900E86B46 /* PBXTargetDependency */,
			);
			name = ESPAmbientUITests;
			productName = ESPAmbientUITests;
			productReference = A36BA7192811A51900E86B46 /* ESPAmbientUITests.xctest */;
			productType = "com.apple.product-type.bundle.ui-testing";
		};
/* End PBXNativeTarget section */

/* Begin PBXProject section */
		A36BA6F72811A51700E86B46 /* Project object */ = {
			isa = PBXProject;
			attributes = {
				BuildIndependentTargetsInParallel = 1;
				LastSwiftUpdateCheck = 1330;
				LastUpgradeCheck = 1330;
				TargetAttributes = {
					A36BA6FE2811A51700E86B46 = {
						CreatedOnToolsVersion = 13.3.1;
					};
					A36BA70E2811A51900E86B46 = {
						CreatedOnToolsVersion = 13.3.1;
						TestTargetID = A36BA6FE2811A51700E86B46;
					};
					A36BA7182811A51900E86B46 = {
						CreatedOnToolsVersion = 13.3.1;
						TestTargetID = A36BA6FE2811A51700E86B46;
					};
				};
			};
			buildConfigurationList = A36BA6FA2811A51700E86B46 /* Build configuration list for PBXProject "ESPAmbient" */;
			compatibilityVersion = "Xcode 13.0";
			developmentRegion = en;
			hasScannedForEncodings = 0;
			knownRegions = (
				en,
				Base,
			);
			mainGroup = A36BA6F62811A51700E86B46;
			productRefGroup = A36BA7002811A51700E86B46 /* Products */;
			projectDirPath = "";
			projectRoot = "";
			targets = (
				A36BA6FE2811A51700E86B46 /* ESPAmbient */,
				A36BA70E2811A51900E86B46 /* ESPAmbientTests */,
				A36BA7182811A51900E86B46 /* ESPAmbientUITests */,
			);
		};
/* End PBXProject section */

/* Begin PBXResourcesBuildPhase section */
		A36BA6FD2811A51700E86B46 /* Resources */ = {
			isa = PBXResourcesBuildPhase;
			buildActionMask = 2147483647;
			files = (
				A36BA70A2811A51800E86B46 /* Preview Assets.xcassets in Resources */,
				A36BA7072811A51800E86B46 /* Assets.xcassets in Resources */,
			);
			runOnlyForDeploymentPostprocessing = 0;
		};
		A36BA70D2811A51900E86B46 /* Resources */ = {
			isa = PBXResourcesBuildPhase;
			buildActionMask = 2147483647;
			files = (
			);
			runOnlyForDeploymentPostprocessing = 0;
		};
		A36BA7172811A51900E86B46 /* Resources */ = {
			isa = PBXResourcesBuildPhase;
			buildActionMask = 2147483647;
			files = (
			);
			runOnlyForDeploymentPostprocessing = 0;
		};
/* End PBXResourcesBuildPhase section */

/* Begin PBXSourcesBuildPhase section */
		A36BA6FB2811A51700E86B46 /* Sources */ = {
			isa = PBXSourcesBuildPhase;
			buildActionMask = 2147483647;
			files = (
				A36BA7052811A51700E86B46 /* ContentView.swift in Sources */,
				A36BA7032811A51700E86B46 /* ESPAmbientApp.swift in Sources */,
			);
			runOnlyForDeploymentPostprocessing = 0;
		};
		A36BA70B2811A51900E86B46 /* Sources */ = {
			isa = PBXSourcesBuildPhase;
			buildActionMask = 2147483647;
			files = (
				A36BA7142811A51900E86B46 /* ESPAmbientTests.swift in Sources */,
			);
			runOnlyForDeploymentPostprocessing = 0;
		};
		A36BA7152811A51900E86B46 /* Sources */ = {
			isa = PBXSourcesBuildPhase;
			buildActionMask = 2147483647;
			files = (
				A36BA7202811A51900E86B46 /* ESPAmbientUITestsLaunchTests.swift in Sources */,
				A36BA71E2811A51900E86B46 /* ESPAmbientUITests.swift in Sources */,
			);
			runOnlyForDeploymentPostprocessing = 0;
		};
/* End PBXSourcesBuildPhase section */

/* Begin PBXTargetDependency section */
		A36BA7112811A51900E86B46 /* PBXTargetDependency */ = {
			isa = PBXTargetDependency;
			target = A36BA6FE2811A51700E86B46 /* ESPAmbient */;
			targetProxy = A36BA7102811A51900E86B46 /* PBXContainerItemProxy */;
		};
		A36BA71B2811A51900E86B46 /* PBXTargetDependency */ = {
			isa = PBXTargetDependency;
			target = A36BA6FE2811A51700E86B46 /* ESPAmbient */;
			targetProxy = A36BA71A2811A51900E86B46 /* PBXContainerItemProxy */;
		};
/* End PBXTargetDependency section */

/* Begin XCBuildConfiguration section */
		A36BA7212811A51900E86B46 /* Debug */ = {
			isa = XCBuildConfiguration;
			buildSettings = {
				ALWAYS_SEARCH_USER_PATHS = NO;
				CLANG_ANALYZER_NONNULL = YES;
				CLANG_ANALYZER_NUMBER_OBJECT_CONVERSION = YES_AGGRESSIVE;
				CLANG_CXX_LANGUAGE_STANDARD = "gnu++17";
				CLANG_ENABLE_MODULES = YES;
				CLANG_ENABLE_OBJC_ARC = YES;
				CLANG_ENABLE_OBJC_WEAK = YES;
				CLANG_WARN_BLOCK_CAPTURE_AUTORELEASING = YES;
				CLANG_WARN_BOOL_CONVERSION = YES;
				CLANG_WARN_COMMA = YES;
				CLANG_WARN_CONSTANT_CONVERSION = YES;
				CLANG_WARN_DEPRECATED_OBJC_IMPLEMENTATIONS = YES;
				CLANG_WARN_DIRECT_OBJC_ISA_USAGE = YES_ERROR;
				CLANG_WARN_DOCUMENTATION_COMMENTS = YES;
				CLANG_WARN_EMPTY_BODY = YES;
				CLANG_WARN_ENUM_CONVERSION = YES;
				CLANG_WARN_INFINITE_RECURSION = YES;
				CLANG_WARN_INT_CONVERSION = YES;
				CLANG_WARN_NON_LITERAL_NULL_CONVERSION = YES;
				CLANG_WARN_OBJC_IMPLICIT_RETAIN_SELF = YES;
				CLANG_WARN_OBJC_LITERAL_CONVERSION = YES;
				CLANG_WARN_OBJC_ROOT_CLASS = YES_ERROR;
				CLANG_WARN_QUOTED_INCLUDE_IN_FRAMEWORK_HEADER = YES;
				CLANG_WARN_RANGE_LOOP_ANALYSIS = YES;
				CLANG_WARN_STRICT_PROTOTYPES = YES;
				CLANG_WARN_SUSPICIOUS_MOVE = YES;
				CLANG_WARN_UNGUARDED_AVAILABILITY = YES_AGGRESSIVE;
				CLANG_WARN_UNREACHABLE_CODE = YES;
				CLANG_WARN__DUPLICATE_METHOD_MATCH = YES;
				COPY_PHASE_STRIP = NO;
				DEBUG_INFORMATION_FORMAT = dwarf;
				ENABLE_STRICT_OBJC_MSGSEND = YES;
				ENABLE_TESTABILITY = YES;
				GCC_C_LANGUAGE_STANDARD = gnu11;
				GCC_DYNAMIC_NO_PIC = NO;
				GCC_NO_COMMON_BLOCKS = YES;
				GCC_OPTIMIZATION_LEVEL = 0;
				GCC_PREPROCESSOR_DEFINITIONS = (
					"DEBUG=1",
					"$(inherited)",
				);
				GCC_WARN_64_TO_32_BIT_CONVERSION = YES;
				GCC_WARN_ABOUT_RETURN_TYPE = YES_ERROR;
				GCC_WARN_UNDECLARED_SELECTOR = YES;
				GCC_WARN_UNINITIALIZED_AUTOS = YES_AGGRESSIVE;
				GCC_WARN_UNUSED_FUNCTION = YES;
				GCC_WARN_UNUSED_VARIABLE = YES;
				IPHONEOS_DEPLOYMENT_TARGET = 15.4;
				MTL_ENABLE_DEBUG_INFO = INCLUDE_SOURCE;
				MTL_FAST_MATH = YES;
				ONLY_ACTIVE_ARCH = YES;
				SDKROOT = iphoneos;
				SWIFT_ACTIVE_COMPILATION_CONDITIONS = DEBUG;
				SWIFT_OPTIMIZATION_LEVEL = "-Onone";
			};
			name = Debug;
		};
		A36BA7222811A51900E86B46 /* Release */ = {
			isa = XCBuildConfiguration;
			buildSettings = {
				ALWAYS_SEARCH_USER_PATHS = NO;
				CLANG_ANALYZER_NONNULL = YES;
				CLANG_ANALYZER_NUMBER_OBJECT_CONVERSION = YES_AGGRESSIVE;
				CLANG_CXX_LANGUAGE_STANDARD = "gnu++17";
				CLANG_ENABLE_MODULES = YES;
				CLANG_ENABLE_OBJC_ARC = YES;
				CLANG_ENABLE_OBJC_WEAK = YES;
				CLANG_WARN_BLOCK_CAPTURE_AUTORELEASING = YES;
				CLANG_WARN_BOOL_CONVERSION = YES;
				CLANG_WARN_COMMA = YES;
				CLANG_WARN_CONSTANT_CONVERSION = YES;
				CLANG_WARN_DEPRECATED_OBJC_IMPLEMENTATIONS = YES;
				CLANG_WARN_DIRECT_OBJC_ISA_USAGE = YES_ERROR;
				CLANG_WARN_DOCUMENTATION_COMMENTS = YES;
				CLANG_WARN_EMPTY_BODY = YES;
				CLANG_WARN_ENUM_CONVERSION = YES;
				CLANG_WARN_INFINITE_RECURSION = YES;
				CLANG_WARN_INT_CONVERSION = YES;
				CLANG_WARN_NON_LITERAL_NULL_CONVERSION = YES;
				CLANG_WARN_OBJC_IMPLICIT_RETAIN_SELF = YES;
				CLANG_WARN_OBJC_LITERAL_CONVERSION = YES;
				CLANG_WARN_OBJC_ROOT_CLASS = YES_ERROR;
				CLANG_WARN_QUOTED_INCLUDE_IN_FRAMEWORK_HEADER = YES;
				CLANG_WARN_RANGE_LOOP_ANALYSIS = YES;
				CLANG_WARN_STRICT_PROTOTYPES = YES;
				CLANG_WARN_SUSPICIOUS_MOVE = YES;
				CLANG_WARN_UNGUARDED_AVAILABILITY = YES_AGGRESSIVE;
				CLANG_WARN_UNREACHABLE_CODE = YES;
				CLANG_WARN__DUPLICATE_METHOD_MATCH = YES;
				COPY_PHASE_STRIP = NO;
				DEBUG_INFORMATION_FORMAT = "dwarf-with-dsym";
				ENABLE_NS_ASSERTIONS = NO;
				ENABLE_STRICT_OBJC_MSGSEND = YES;
				GCC_C_LANGUAGE_STANDARD = gnu11;
				GCC_NO_COMMON_BLOCKS = YES;
				GCC_WARN_64_TO_32_BIT_CONVERSION = YES;
				GCC_WARN_ABOUT_RETURN_TYPE = YES_ERROR;
				GCC_WARN_UNDECLARED_SELECTOR = YES;
				GCC_WARN_UNINITIALIZED_AUTOS = YES_AGGRESSIVE;
				GCC_WARN_UNUSED_FUNCTION = YES;
				GCC_WARN_UNUSED_VARIABLE = YES;
				IPHONEOS_DEPLOYMENT_TARGET = 15.4;
				MTL_ENABLE_DEBUG_INFO = NO;
				MTL_FAST_MATH = YES;
				SDKROOT = iphoneos;
				SWIFT_COMPILATION_MODE = wholemodule;
				SWIFT_OPTIMIZATION_LEVEL = "-O";
				VALIDATE_PRODUCT = YES;
			};
			name = Release;
		};
		A36BA7242811A51900E86B46 /* Debug */ = {
			isa = XCBuildConfiguration;
			buildSettings = {
				ASSETCATALOG_COMPILER_APPICON_NAME = AppIcon;
				ASSETCATALOG_COMPILER_GLOBAL_ACCENT_COLOR_NAME = AccentColor;
				CODE_SIGN_STYLE = Automatic;
				CURRENT_PROJECT_VERSION = 1;
				DEVELOPMENT_ASSET_PATHS = "\"ESPAmbient/Preview Content\"";
				DEVELOPMENT_TEAM = 5S5Z4LU846;
				ENABLE_PREVIEWS = YES;
				GENERATE_INFOPLIST_FILE = YES;
				INFOPLIST_KEY_UIApplicationSceneManifest_Generation = YES;
				INFOPLIST_KEY_UIApplicationSupportsIndirectInputEvents = YES;
				INFOPLIST_KEY_UILaunchScreen_Generation = YES;
				INFOPLIST_KEY_UISupportedInterfaceOrientations_iPad = "UIInterfaceOrientationPortrait UIInterfaceOrientationPortraitUpsideDown UIInterfaceOrientationLandscapeLeft UIInterfaceOrientationLandscapeRight";
				INFOPLIST_KEY_UISupportedInterfaceOrientations_iPhone = "UIInterfaceOrientationPortrait UIInterfaceOrientationLandscapeLeft UIInterfaceOrientationLandscapeRight";
				LD_RUNPATH_SEARCH_PATHS = (
					"$(inherited)",
					"@executable_path/Frameworks",
				);
				MARKETING_VERSION = 1.0;
				PRODUCT_BUNDLE_IDENTIFIER = WKLabs.ESPAmbient;
				PRODUCT_NAME = "$(TARGET_NAME)";
				SWIFT_EMIT_LOC_STRINGS = YES;
				SWIFT_VERSION = 5.0;
				TARGETED_DEVICE_FAMILY = "1,2";
			};
			name = Debug;
		};
		A36BA7252811A51900E86B46 /* Release */ = {
			isa = XCBuildConfiguration;
			buildSettings = {
				ASSETCATALOG_COMPILER_APPICON_NAME = AppIcon;
				ASSETCATALOG_COMPILER_GLOBAL_ACCENT_COLOR_NAME = AccentColor;
				CODE_SIGN_STYLE = Automatic;
				CURRENT_PROJECT_VERSION = 1;
				DEVELOPMENT_ASSET_PATHS = "\"ESPAmbient/Preview Content\"";
				DEVELOPMENT_TEAM = 5S5Z4LU846;
				ENABLE_PREVIEWS = YES;
				GENERATE_INFOPLIST_FILE = YES;
				INFOPLIST_KEY_UIApplicationSceneManifest_Generation = YES;
				INFOPLIST_KEY_UIApplicationSupportsIndirectInputEvents = YES;
				INFOPLIST_KEY_UILaunchScreen_Generation = YES;
				INFOPLIST_KEY_UISupportedInterfaceOrientations_iPad = "UIInterfaceOrientationPortrait UIInterfaceOrientationPortraitUpsideDown UIInterfaceOrientationLandscapeLeft UIInterfaceOrientationLandscapeRight";
				INFOPLIST_KEY_UISupportedInterfaceOrientations_iPhone = "UIInterfaceOrientationPortrait UIInterfaceOrientationLandscapeLeft UIInterfaceOrientationLandscapeRight";
				LD_RUNPATH_SEARCH_PATHS = (
					"$(inherited)",
					"@executable_path/Frameworks",
				);
				MARKETING_VERSION = 1.0;
				PRODUCT_BUNDLE_IDENTIFIER = WKLabs.ESPAmbient;
				PRODUCT_NAME = "$(TARGET_NAME)";
				SWIFT_EMIT_LOC_STRINGS = YES;
				SWIFT_VERSION = 5.0;
				TARGETED_DEVICE_FAMILY = "1,2";
			};
			name = Release;
		};
		A36BA7272811A51900E86B46 /* Debug */ = {
			isa = XCBuildConfiguration;
			buildSettings = {
				ALWAYS_EMBED_SWIFT_STANDARD_LIBRARIES = YES;
				BUNDLE_LOADER = "$(TEST_HOST)";
				CODE_SIGN_STYLE = Automatic;
				CURRENT_PROJECT_VERSION = 1;
				DEVELOPMENT_TEAM = 5S5Z4LU846;
				GENERATE_INFOPLIST_FILE = YES;
				IPHONEOS_DEPLOYMENT_TARGET = 15.4;
				MARKETING_VERSION = 1.0;
				PRODUCT_BUNDLE_IDENTIFIER = WKLabs.ESPAmbientTests;
				PRODUCT_NAME = "$(TARGET_NAME)";
				SWIFT_EMIT_LOC_STRINGS = NO;
				SWIFT_VERSION = 5.0;
				TARGETED_DEVICE_FAMILY = "1,2";
				TEST_HOST = "$(BUILT_PRODUCTS_DIR)/ESPAmbient.app/ESPAmbient";
			};
			name = Debug;
		};
		A36BA7282811A51900E86B46 /* Release */ = {
			isa = XCBuildConfiguration;
			buildSettings = {
				ALWAYS_EMBED_SWIFT_STANDARD_LIBRARIES = YES;
				BUNDLE_LOADER = "$(TEST_HOST)";
				CODE_SIGN_STYLE = Automatic;
				CURRENT_PROJECT_VERSION = 1;
				DEVELOPMENT_TEAM = 5S5Z4LU846;
				GENERATE_INFOPLIST_FILE = YES;
				IPHONEOS_DEPLOYMENT_TARGET = 15.4;
				MARKETING_VERSION = 1.0;
				PRODUCT_BUNDLE_IDENTIFIER = WKLabs.ESPAmbientTests;
				PRODUCT_NAME = "$(TARGET_NAME)";
				SWIFT_EMIT_LOC_STRINGS = NO;
				SWIFT_VERSION = 5.0;
				TARGETED_DEVICE_FAMILY = "1,2";
				TEST_HOST = "$(BUILT_PRODUCTS_DIR)/ESPAmbient.app/ESPAmbient";
			};
			name = Release;
		};
		A36BA72A2811A51900E86B46 /* Debug */ = {
			isa = XCBuildConfiguration;
			buildSettings = {
				ALWAYS_EMBED_SWIFT_STANDARD_LIBRARIES = YES;
				CODE_SIGN_STYLE = Automatic;
				CURRENT_PROJECT_VERSION = 1;
				DEVELOPMENT_TEAM = 5S5Z4LU846;
				GENERATE_INFOPLIST_FILE = YES;
				MARKETING_VERSION = 1.0;
				PRODUCT_BUNDLE_IDENTIFIER = WKLabs.ESPAmbientUITests;
				PRODUCT_NAME = "$(TARGET_NAME)";
				SWIFT_EMIT_LOC_STRINGS = NO;
				SWIFT_VERSION = 5.0;
				TARGETED_DEVICE_FAMILY = "1,2";
				TEST_TARGET_NAME = ESPAmbient;
			};
			name = Debug;
		};
		A36BA72B2811A51900E86B46 /* Release */ = {
			isa = XCBuildConfiguration;
			buildSettings = {
				ALWAYS_EMBED_SWIFT_STANDARD_LIBRARIES = YES;
				CODE_SIGN_STYLE = Automatic;
				CURRENT_PROJECT_VERSION = 1;
				DEVELOPMENT_TEAM = 5S5Z4LU846;
				GENERATE_INFOPLIST_FILE = YES;
				MARKETING_VERSION = 1.0;
				PRODUCT_BUNDLE_IDENTIFIER = WKLabs.ESPAmbientUITests;
				PRODUCT_NAME = "$(TARGET_NAME)";
				SWIFT_EMIT_LOC_STRINGS = NO;
				SWIFT_VERSION = 5.0;
				TARGETED_DEVICE_FAMILY = "1,2";
				TEST_TARGET_NAME = ESPAmbient;
			};
			name = Release;
		};
/* End XCBuildConfiguration section */

/* Begin XCConfigurationList section */
		A36BA6FA2811A51700E86B46 /* Build configuration list for PBXProject "ESPAmbient" */ = {
			isa = XCConfigurationList;
			buildConfigurations = (
				A36BA7212811A51900E86B46 /* Debug */,
				A36BA7222811A51900E86B46 /* Release */,
			);
			defaultConfigurationIsVisible = 0;
			defaultConfigurationName = Release;
		};
		A36BA7232811A51900E86B46 /* Build configuration list for PBXNativeTarget "ESPAmbient" */ = {
			isa = XCConfigurationList;
			buildConfigurations = (
				A36BA7242811A51900E86B46 /* Debug */,
				A36BA7252811A51900E86B46 /* Release */,
			);
			defaultConfigurationIsVisible = 0;
			defaultConfigurationName = Release;
		};
		A36BA7262811A51900E86B46 /* Build configuration list for PBXNativeTarget "ESPAmbientTests" */ = {
			isa = XCConfigurationList;
			buildConfigurations = (
				A36BA7272811A51900E86B46 /* Debug */,
				A36BA7282811A51900E86B46 /* Release */,
			);
			defaultConfigurationIsVisible = 0;
			defaultConfigurationName = Release;
		};
		A36BA7292811A51900E86B46 /* Build configuration list for PBXNativeTarget "ESPAmbientUITests" */ = {
			isa = XCConfigurationList;
			buildConfigurations = (
				A36BA72A2811A51900E86B46 /* Debug */,
				A36BA72B2811A51900E86B46 /* Release */,
			);
			defaultConfigurationIsVisible = 0;
			defaultConfigurationName = Release;
		};
/* End XCConfigurationList section */
	};
	rootObject = A36BA6F72811A51700E86B46 /* Project object */;
}
